
Microsoft Visual Studio Solution File, Format Version 12.00
# Visual Studio Version 17
VisualStudioVersion = 17.6.33723.286
MinimumVisualStudioVersion = 10.0.40219.1
Project("{FAE04EC0-301F-11D3-BF4B-00C04F79EFBC}") = "ProzorovaEvgeniaOOP", "ProzorovaEvgeniaOOP\ProzorovaEvgeniaOOP.csproj", "{83DED3CD-33C0-4CF4-8BEE-19A014C739A9}"
EndProject
Global
	GlobalSection(SolutionConfigurationPlatforms) = preSolution
		Debug|Any CPU = Debug|Any CPU
		Release|Any CPU = Release|Any CPU
	EndGlobalSection
	GlobalSection(ProjectConfigurationPlatforms) = postSolution
		{83DED3CD-33C0-4CF4-8BEE-19A014C739A9}.Debug|Any CPU.ActiveCfg = Debug|Any CPU
		{83DED3CD-33C0-4CF4-8BEE-19A014C739A9}.Debug|Any CPU.Build.0 = Debug|Any CPU
		{83DED3CD-33C0-4CF4-8BEE-19A014C739A9}.Release|Any CPU.ActiveCfg = Release|Any CPU
		{83DED3CD-33C0-4CF4-8BEE-19A014C739A9}.Release|Any CPU.Build.0 = Release|Any CPU
	EndGlobalSection
	GlobalSection(SolutionProperties) = preSolution
		HideSolutionNode = FALSE
	EndGlobalSection
	GlobalSection(ExtensibilityGlobals) = postSolution
		SolutionGuid = {272D0E50-C423-4578-A120-2A690D251DF0}
	EndGlobalSection
EndGlobal
